
Microsoft Visual Studio Solution File, Format Version 12.00
# Visual Studio Version 16
VisualStudioVersion = 16.0.31729.503
MinimumVisualStudioVersion = 10.0.40219.1
Project("{8BC9CEB8-8B4A-11D0-8D11-00A0C91BC942}") = "ex1", "ex1\ex1.vcxproj", "{3EFC84E0-53C7-49E9-9195-FC156D0AB80F}"
EndProject
Project("{8BC9CEB8-8B4A-11D0-8D11-00A0C91BC942}") = "ex02", "ex02\ex02.vcxproj", "{433D0F74-27A6-40ED-B798-8633EB132C0E}"
EndProject
Project("{8BC9CEB8-8B4A-11D0-8D11-00A0C91BC942}") = "ex03", "ex03\ex03.vcxproj", "{F4AEE3CA-962A-41F8-914A-63325F428C7E}"
EndProject
Global
	GlobalSection(SolutionConfigurationPlatforms) = preSolution
		Debug|x64 = Debug|x64
		Debug|x86 = Debug|x86
		Release|x64 = Release|x64
		Release|x86 = Release|x86
	EndGlobalSection
	GlobalSection(ProjectConfigurationPlatforms) = postSolution
		{3EFC84E0-53C7-49E9-9195-FC156D0AB80F}.Debug|x64.ActiveCfg = Debug|x64
		{3EFC84E0-53C7-49E9-9195-FC156D0AB80F}.Debug|x64.Build.0 = Debug|x64
		{3EFC84E0-53C7-49E9-9195-FC156D0AB80F}.Debug|x86.ActiveCfg = Debug|Win32
		{3EFC84E0-53C7-49E9-9195-FC156D0AB80F}.Debug|x86.Build.0 = Debug|Win32
		{3EFC84E0-53C7-49E9-9195-FC156D0AB80F}.Release|x64.ActiveCfg = Release|x64
		{3EFC84E0-53C7-49E9-9195-FC156D0AB80F}.Release|x64.Build.0 = Release|x64
		{3EFC84E0-53C7-49E9-9195-FC156D0AB80F}.Release|x86.ActiveCfg = Release|Win32
		{3EFC84E0-53C7-49E9-9195-FC156D0AB80F}.Release|x86.Build.0 = Release|Win32
		{433D0F74-27A6-40ED-B798-8633EB132C0E}.Debug|x64.ActiveCfg = Debug|x64
		{433D0F74-27A6-40ED-B798-8633EB132C0E}.Debug|x64.Build.0 = Debug|x64
		{433D0F74-27A6-40ED-B798-8633EB132C0E}.Debug|x86.ActiveCfg = Debug|Win32
		{433D0F74-27A6-40ED-B798-8633EB132C0E}.Debug|x86.Build.0 = Debug|Win32
		{433D0F74-27A6-40ED-B798-8633EB132C0E}.Release|x64.ActiveCfg = Release|x64
		{433D0F74-27A6-40ED-B798-8633EB132C0E}.Release|x64.Build.0 = Release|x64
		{433D0F74-27A6-40ED-B798-8633EB132C0E}.Release|x86.ActiveCfg = Release|Win32
		{433D0F74-27A6-40ED-B798-8633EB132C0E}.Release|x86.Build.0 = Release|Win32
		{F4AEE3CA-962A-41F8-914A-63325F428C7E}.Debug|x64.ActiveCfg = Debug|x64
		{F4AEE3CA-962A-41F8-914A-63325F428C7E}.Debug|x64.Build.0 = Debug|x64
		{F4AEE3CA-962A-41F8-914A-63325F428C7E}.Debug|x86.ActiveCfg = Debug|Win32
		{F4AEE3CA-962A-41F8-914A-63325F428C7E}.Debug|x86.Build.0 = Debug|Win32
		{F4AEE3CA-962A-41F8-914A-63325F428C7E}.Release|x64.ActiveCfg = Release|x64
		{F4AEE3CA-962A-41F8-914A-63325F428C7E}.Release|x64.Build.0 = Release|x64
		{F4AEE3CA-962A-41F8-914A-63325F428C7E}.Release|x86.ActiveCfg = Release|Win32
		{F4AEE3CA-962A-41F8-914A-63325F428C7E}.Release|x86.Build.0 = Release|Win32
	EndGlobalSection
	GlobalSection(SolutionProperties) = preSolution
		HideSolutionNode = FALSE
	EndGlobalSection
	GlobalSection(ExtensibilityGlobals) = postSolution
		SolutionGuid = {C31782FC-5E6A-4AD6-B5F7-894ABE9C58BA}
	EndGlobalSection
EndGlobal
