
Microsoft Visual Studio Solution File, Format Version 12.00
# Visual Studio Version 17
VisualStudioVersion = 17.4.33122.133
MinimumVisualStudioVersion = 10.0.40219.1
Project("{8BC9CEB8-8B4A-11D0-8D11-00A0C91BC942}") = "bt1", "bt1\bt1.vcxproj", "{D7FEB692-7F57-496C-886F-043C9769B1F1}"
EndProject
Project("{8BC9CEB8-8B4A-11D0-8D11-00A0C91BC942}") = "bt2", "bt2\bt2.vcxproj", "{46180A29-7C4D-4113-9794-B2A50156A63B}"
EndProject
Project("{8BC9CEB8-8B4A-11D0-8D11-00A0C91BC942}") = "bt3", "bt3\bt3.vcxproj", "{FEADFD85-2FA9-451D-ACB1-22537209173F}"
EndProject
Global
	GlobalSection(SolutionConfigurationPlatforms) = preSolution
		Debug|x64 = Debug|x64
		Debug|x86 = Debug|x86
		Release|x64 = Release|x64
		Release|x86 = Release|x86
	EndGlobalSection
	GlobalSection(ProjectConfigurationPlatforms) = postSolution
		{D7FEB692-7F57-496C-886F-043C9769B1F1}.Debug|x64.ActiveCfg = Debug|x64
		{D7FEB692-7F57-496C-886F-043C9769B1F1}.Debug|x64.Build.0 = Debug|x64
		{D7FEB692-7F57-496C-886F-043C9769B1F1}.Debug|x86.ActiveCfg = Debug|Win32
		{D7FEB692-7F57-496C-886F-043C9769B1F1}.Debug|x86.Build.0 = Debug|Win32
		{D7FEB692-7F57-496C-886F-043C9769B1F1}.Release|x64.ActiveCfg = Release|x64
		{D7FEB692-7F57-496C-886F-043C9769B1F1}.Release|x64.Build.0 = Release|x64
		{D7FEB692-7F57-496C-886F-043C9769B1F1}.Release|x86.ActiveCfg = Release|Win32
		{D7FEB692-7F57-496C-886F-043C9769B1F1}.Release|x86.Build.0 = Release|Win32
		{46180A29-7C4D-4113-9794-B2A50156A63B}.Debug|x64.ActiveCfg = Debug|x64
		{46180A29-7C4D-4113-9794-B2A50156A63B}.Debug|x64.Build.0 = Debug|x64
		{46180A29-7C4D-4113-9794-B2A50156A63B}.Debug|x86.ActiveCfg = Debug|Win32
		{46180A29-7C4D-4113-9794-B2A50156A63B}.Debug|x86.Build.0 = Debug|Win32
		{46180A29-7C4D-4113-9794-B2A50156A63B}.Release|x64.ActiveCfg = Release|x64
		{46180A29-7C4D-4113-9794-B2A50156A63B}.Release|x64.Build.0 = Release|x64
		{46180A29-7C4D-4113-9794-B2A50156A63B}.Release|x86.ActiveCfg = Release|Win32
		{46180A29-7C4D-4113-9794-B2A50156A63B}.Release|x86.Build.0 = Release|Win32
		{FEADFD85-2FA9-451D-ACB1-22537209173F}.Debug|x64.ActiveCfg = Debug|x64
		{FEADFD85-2FA9-451D-ACB1-22537209173F}.Debug|x64.Build.0 = Debug|x64
		{FEADFD85-2FA9-451D-ACB1-22537209173F}.Debug|x86.ActiveCfg = Debug|Win32
		{FEADFD85-2FA9-451D-ACB1-22537209173F}.Debug|x86.Build.0 = Debug|Win32
		{FEADFD85-2FA9-451D-ACB1-22537209173F}.Release|x64.ActiveCfg = Release|x64
		{FEADFD85-2FA9-451D-ACB1-22537209173F}.Release|x64.Build.0 = Release|x64
		{FEADFD85-2FA9-451D-ACB1-22537209173F}.Release|x86.ActiveCfg = Release|Win32
		{FEADFD85-2FA9-451D-ACB1-22537209173F}.Release|x86.Build.0 = Release|Win32
	EndGlobalSection
	GlobalSection(SolutionProperties) = preSolution
		HideSolutionNode = FALSE
	EndGlobalSection
	GlobalSection(ExtensibilityGlobals) = postSolution
		SolutionGuid = {768B8219-74C7-49F2-988E-96C322CA97BE}
	EndGlobalSection
EndGlobal
