
Microsoft Visual Studio Solution File, Format Version 12.00
# Visual Studio Version 17
VisualStudioVersion = 17.4.33122.133
MinimumVisualStudioVersion = 10.0.40219.1
Project("{8BC9CEB8-8B4A-11D0-8D11-00A0C91BC942}") = "bt1", "bt1\bt1.vcxproj", "{242765D5-FBE2-4539-A36D-7B340D0847A9}"
EndProject
Project("{8BC9CEB8-8B4A-11D0-8D11-00A0C91BC942}") = "bt2a", "bt2a\bt2a.vcxproj", "{A17494B0-2E01-4ABE-A13F-EE83E1415C12}"
EndProject
Project("{8BC9CEB8-8B4A-11D0-8D11-00A0C91BC942}") = "bt2b", "bt2b\bt2b.vcxproj", "{DAB96841-FFBF-4064-9797-DC94BA9BFB0B}"
EndProject
Global
	GlobalSection(SolutionConfigurationPlatforms) = preSolution
		Debug|x64 = Debug|x64
		Debug|x86 = Debug|x86
		Release|x64 = Release|x64
		Release|x86 = Release|x86
	EndGlobalSection
	GlobalSection(ProjectConfigurationPlatforms) = postSolution
		{242765D5-FBE2-4539-A36D-7B340D0847A9}.Debug|x64.ActiveCfg = Debug|x64
		{242765D5-FBE2-4539-A36D-7B340D0847A9}.Debug|x64.Build.0 = Debug|x64
		{242765D5-FBE2-4539-A36D-7B340D0847A9}.Debug|x86.ActiveCfg = Debug|Win32
		{242765D5-FBE2-4539-A36D-7B340D0847A9}.Debug|x86.Build.0 = Debug|Win32
		{242765D5-FBE2-4539-A36D-7B340D0847A9}.Release|x64.ActiveCfg = Release|x64
		{242765D5-FBE2-4539-A36D-7B340D0847A9}.Release|x64.Build.0 = Release|x64
		{242765D5-FBE2-4539-A36D-7B340D0847A9}.Release|x86.ActiveCfg = Release|Win32
		{242765D5-FBE2-4539-A36D-7B340D0847A9}.Release|x86.Build.0 = Release|Win32
		{A17494B0-2E01-4ABE-A13F-EE83E1415C12}.Debug|x64.ActiveCfg = Debug|x64
		{A17494B0-2E01-4ABE-A13F-EE83E1415C12}.Debug|x64.Build.0 = Debug|x64
		{A17494B0-2E01-4ABE-A13F-EE83E1415C12}.Debug|x86.ActiveCfg = Debug|Win32
		{A17494B0-2E01-4ABE-A13F-EE83E1415C12}.Debug|x86.Build.0 = Debug|Win32
		{A17494B0-2E01-4ABE-A13F-EE83E1415C12}.Release|x64.ActiveCfg = Release|x64
		{A17494B0-2E01-4ABE-A13F-EE83E1415C12}.Release|x64.Build.0 = Release|x64
		{A17494B0-2E01-4ABE-A13F-EE83E1415C12}.Release|x86.ActiveCfg = Release|Win32
		{A17494B0-2E01-4ABE-A13F-EE83E1415C12}.Release|x86.Build.0 = Release|Win32
		{DAB96841-FFBF-4064-9797-DC94BA9BFB0B}.Debug|x64.ActiveCfg = Debug|x64
		{DAB96841-FFBF-4064-9797-DC94BA9BFB0B}.Debug|x64.Build.0 = Debug|x64
		{DAB96841-FFBF-4064-9797-DC94BA9BFB0B}.Debug|x86.ActiveCfg = Debug|Win32
		{DAB96841-FFBF-4064-9797-DC94BA9BFB0B}.Debug|x86.Build.0 = Debug|Win32
		{DAB96841-FFBF-4064-9797-DC94BA9BFB0B}.Release|x64.ActiveCfg = Release|x64
		{DAB96841-FFBF-4064-9797-DC94BA9BFB0B}.Release|x64.Build.0 = Release|x64
		{DAB96841-FFBF-4064-9797-DC94BA9BFB0B}.Release|x86.ActiveCfg = Release|Win32
		{DAB96841-FFBF-4064-9797-DC94BA9BFB0B}.Release|x86.Build.0 = Release|Win32
	EndGlobalSection
	GlobalSection(SolutionProperties) = preSolution
		HideSolutionNode = FALSE
	EndGlobalSection
	GlobalSection(ExtensibilityGlobals) = postSolution
		SolutionGuid = {30D62623-A4A1-493B-9BDA-0ECA90FF7CEF}
	EndGlobalSection
EndGlobal
