
Microsoft Visual Studio Solution File, Format Version 12.00
# Visual Studio Version 16
VisualStudioVersion = 16.0.31729.503
MinimumVisualStudioVersion = 10.0.40219.1
Project("{8BC9CEB8-8B4A-11D0-8D11-00A0C91BC942}") = "Lab4_1", "Project1\Project1.vcxproj", "{4832802B-389C-48D7-B33B-6BC17BF8BF3A}"
EndProject
Project("{8BC9CEB8-8B4A-11D0-8D11-00A0C91BC942}") = "Lab4_2", "Lab4_2\Lab4_2.vcxproj", "{9A2F874A-E807-40E5-B1C2-8AB3ED573501}"
EndProject
Global
	GlobalSection(SolutionConfigurationPlatforms) = preSolution
		Debug|x64 = Debug|x64
		Debug|x86 = Debug|x86
		Release|x64 = Release|x64
		Release|x86 = Release|x86
	EndGlobalSection
	GlobalSection(ProjectConfigurationPlatforms) = postSolution
		{4832802B-389C-48D7-B33B-6BC17BF8BF3A}.Debug|x64.ActiveCfg = Debug|x64
		{4832802B-389C-48D7-B33B-6BC17BF8BF3A}.Debug|x64.Build.0 = Debug|x64
		{4832802B-389C-48D7-B33B-6BC17BF8BF3A}.Debug|x86.ActiveCfg = Debug|Win32
		{4832802B-389C-48D7-B33B-6BC17BF8BF3A}.Debug|x86.Build.0 = Debug|Win32
		{4832802B-389C-48D7-B33B-6BC17BF8BF3A}.Release|x64.ActiveCfg = Release|x64
		{4832802B-389C-48D7-B33B-6BC17BF8BF3A}.Release|x64.Build.0 = Release|x64
		{4832802B-389C-48D7-B33B-6BC17BF8BF3A}.Release|x86.ActiveCfg = Release|Win32
		{4832802B-389C-48D7-B33B-6BC17BF8BF3A}.Release|x86.Build.0 = Release|Win32
		{9A2F874A-E807-40E5-B1C2-8AB3ED573501}.Debug|x64.ActiveCfg = Debug|x64
		{9A2F874A-E807-40E5-B1C2-8AB3ED573501}.Debug|x64.Build.0 = Debug|x64
		{9A2F874A-E807-40E5-B1C2-8AB3ED573501}.Debug|x86.ActiveCfg = Debug|Win32
		{9A2F874A-E807-40E5-B1C2-8AB3ED573501}.Debug|x86.Build.0 = Debug|Win32
		{9A2F874A-E807-40E5-B1C2-8AB3ED573501}.Release|x64.ActiveCfg = Release|x64
		{9A2F874A-E807-40E5-B1C2-8AB3ED573501}.Release|x64.Build.0 = Release|x64
		{9A2F874A-E807-40E5-B1C2-8AB3ED573501}.Release|x86.ActiveCfg = Release|Win32
		{9A2F874A-E807-40E5-B1C2-8AB3ED573501}.Release|x86.Build.0 = Release|Win32
	EndGlobalSection
	GlobalSection(SolutionProperties) = preSolution
		HideSolutionNode = FALSE
	EndGlobalSection
	GlobalSection(ExtensibilityGlobals) = postSolution
		SolutionGuid = {0CE2C663-2961-416F-8757-1A89D6AEDB0B}
	EndGlobalSection
EndGlobal
